<?xml version="1.0" encoding="utf-8"?>
<Project ToolsVersion="4.0" xmlns="http://schemas.microsoft.com/developer/msbuild/2003">
  <ItemGroup>
    <Filter Include="Source Files">
      <UniqueIdentifier>{4FC737F1-C7A5-4376-A066-2A32D752A2FF}</UniqueIdentifier>
      <Extensions>cpp;c;cc;cxx;c++;cppm;ixx;def;odl;idl;hpj;bat;asm;asmx</Extensions>
    </Filter>
    <Filter Include="Header Files">
      <UniqueIdentifier>{93995380-89BD-4b04-88EB-625FBE52EBFB}</UniqueIdentifier>
      <Extensions>h;hh;hpp;hxx;h++;hm;inl;inc;ipp;xsd</Extensions>
    </Filter>
    <Filter Include="Resource Files">
      <UniqueIdentifier>{67DA6AB6-F800-4c08-8B7A-83BB121AAD01}</UniqueIdentifier>
      <Extensions>rc;ico;cur;bmp;dlg;rc2;rct;bin;rgs;gif;jpg;jpeg;jpe;resx;tiff;tif;png;wav;mfcribbon-ms</Extensions>
    </Filter>
    <Filter Include="Markdown">
      <UniqueIdentifier>{a112073f-6661-4360-95f8-a2890605aced}</UniqueIdentifier>
    </Filter>
    <Filter Include="Source Files\Constructors">
      <UniqueIdentifier>{b3c5a966-18bd-482a-91fd-d6f6310e3f64}</UniqueIdentifier>
    </Filter>
    <Filter Include="Source Files\References">
      <UniqueIdentifier>{dd5b3766-0256-468e-98ba-aad0a0dcc208}</UniqueIdentifier>
    </Filter>
    <Filter Include="Source Files\ParameterPassingTechniques">
      <UniqueIdentifier>{9b012437-9f2b-449b-8b06-034602611898}</UniqueIdentifier>
    </Filter>
    <Filter Include="Source Files\ClassesObjects">
      <UniqueIdentifier>{c0ba38c6-36d7-45d1-8a6f-cfa8cc8b3c3f}</UniqueIdentifier>
    </Filter>
    <Filter Include="Source Files\ClassesObjectsImproved">
      <UniqueIdentifier>{85b60403-b271-4f31-9110-cf3a956aecd8}</UniqueIdentifier>
    </Filter>
    <Filter Include="Source Files\OperatorOverloading">
      <UniqueIdentifier>{4791d00b-6d2b-4e99-9e41-a764a25b0761}</UniqueIdentifier>
    </Filter>
    <Filter Include="Source Files\DynamicMemoryManagement">
      <UniqueIdentifier>{0aac6741-0a39-4cb7-99a4-3c6997d2a563}</UniqueIdentifier>
    </Filter>
  </ItemGroup>
  <ItemGroup>
    <None Include="Markdown\Agenda.md">
      <Filter>Markdown</Filter>
    </None>
    <None Include="Markdown\ClassesObjects.md">
      <Filter>Markdown</Filter>
    </None>
    <None Include="..\Readme.md" />
    <None Include="Markdown\ClassesObjectsImproved.md">
      <Filter>Markdown</Filter>
    </None>
    <None Include="Markdown\Constructors.md">
      <Filter>Markdown</Filter>
    </None>
    <None Include="Markdown\References.md">
      <Filter>Markdown</Filter>
    </None>
    <None Include="Markdown\ParameterPassingTechniques.md">
      <Filter>Markdown</Filter>
    </None>
    <None Include="Markdown\OperatorOverloading.md">
      <Filter>Markdown</Filter>
    </None>
    <None Include="Markdown\DynamicMemoryManagement.md">
      <Filter>Markdown</Filter>
    </None>
  </ItemGroup>
  <ItemGroup>
    <ClCompile Include="Program.cpp">
      <Filter>Source Files</Filter>
    </ClCompile>
    <ClCompile Include="Constructors\Main.cpp">
      <Filter>Source Files\Constructors</Filter>
    </ClCompile>
    <ClCompile Include="Constructors\Time.cpp">
      <Filter>Source Files\Constructors</Filter>
    </ClCompile>
    <ClCompile Include="References\Main.cpp">
      <Filter>Source Files\References</Filter>
    </ClCompile>
    <ClCompile Include="ParameterPassingTechniques\Main.cpp">
      <Filter>Source Files\ParameterPassingTechniques</Filter>
    </ClCompile>
    <ClCompile Include="ClassesObjects\Main.cpp">
      <Filter>Source Files\ClassesObjects</Filter>
    </ClCompile>
    <ClCompile Include="ClassesObjects\Time.cpp">
      <Filter>Source Files\ClassesObjects</Filter>
    </ClCompile>
    <ClCompile Include="ClassesObjectsImproved\Main.cpp">
      <Filter>Source Files\ClassesObjectsImproved</Filter>
    </ClCompile>
    <ClCompile Include="ClassesObjectsImproved\Time.cpp">
      <Filter>Source Files\ClassesObjectsImproved</Filter>
    </ClCompile>
    <ClCompile Include="OperatorOverloading\Main.cpp">
      <Filter>Source Files\OperatorOverloading</Filter>
    </ClCompile>
    <ClCompile Include="OperatorOverloading\Time.cpp">
      <Filter>Source Files\OperatorOverloading</Filter>
    </ClCompile>
    <ClCompile Include="DynamicMemoryManagement\Main.cpp">
      <Filter>Source Files\DynamicMemoryManagement</Filter>
    </ClCompile>
  </ItemGroup>
  <ItemGroup>
    <ClInclude Include="Constructors\Time.h">
      <Filter>Source Files\Constructors</Filter>
    </ClInclude>
    <ClInclude Include="ClassesObjects\Time.h">
      <Filter>Source Files\ClassesObjects</Filter>
    </ClInclude>
    <ClInclude Include="ClassesObjectsImproved\Time.h">
      <Filter>Source Files\ClassesObjectsImproved</Filter>
    </ClInclude>
    <ClInclude Include="OperatorOverloading\Time.h">
      <Filter>Source Files\OperatorOverloading</Filter>
    </ClInclude>
  </ItemGroup>
</Project>